
Microsoft Visual Studio Solution File, Format Version 12.00
# Visual Studio Version 17
VisualStudioVersion = 17.2.32616.157
MinimumVisualStudioVersion = 10.0.40219.1
Project("{FAE04EC0-301F-11D3-BF4B-00C04F79EFBC}") = "BackendAPI", "BackendAPI\BackendAPI.csproj", "{949792DF-D6F2-4808-B448-C255D578A14D}"
EndProject
Global
	GlobalSection(SolutionConfigurationPlatforms) = preSolution
		Debug|Any CPU = Debug|Any CPU
		Release|Any CPU = Release|Any CPU
	EndGlobalSection
	GlobalSection(ProjectConfigurationPlatforms) = postSolution
		{949792DF-D6F2-4808-B448-C255D578A14D}.Debug|Any CPU.ActiveCfg = Debug|Any CPU
		{949792DF-D6F2-4808-B448-C255D578A14D}.Debug|Any CPU.Build.0 = Debug|Any CPU
		{949792DF-D6F2-4808-B448-C255D578A14D}.Release|Any CPU.ActiveCfg = Release|Any CPU
		{949792DF-D6F2-4808-B448-C255D578A14D}.Release|Any CPU.Build.0 = Release|Any CPU
	EndGlobalSection
	GlobalSection(SolutionProperties) = preSolution
		HideSolutionNode = FALSE
	EndGlobalSection
	GlobalSection(ExtensibilityGlobals) = postSolution
		SolutionGuid = {7EAD416A-C2BE-41D8-8D84-62E49C767E36}
	EndGlobalSection
EndGlobal
